
Microsoft Visual Studio Solution File, Format Version 12.00
# Visual Studio 2012
Project("{FAE04EC0-301F-11D3-BF4B-00C04F79EFBC}") = "DasKlub.Web", "DasKlub.Web\DasKlub.Web.csproj", "{631998F6-74B9-45A5-B6CF-3BA02215201C}"
EndProject
Project("{FAE04EC0-301F-11D3-BF4B-00C04F79EFBC}") = "DasKlub.Lib", "DasKlub.Lib\DasKlub.Lib.csproj", "{4A6CF1CC-4F7A-43D2-A9CD-07DB4D8C45CD}"
EndProject
Project("{F184B08F-C81C-45F6-A57F-5ABD9991F28F}") = "IntrepidStudios.SearchCloud", "IntrepidStudios.SearchCloud\IntrepidStudios.SearchCloud.vbproj", "{86387DE4-47CD-4C0B-A2EE-BF84DFAD618C}"
EndProject
Project("{FAE04EC0-301F-11D3-BF4B-00C04F79EFBC}") = "DasKlub.UnitTests", "DasKlub.UnitTests\DasKlub.UnitTests.csproj", "{1B19D53D-9A58-4C2C-9B61-0F893FF037B2}"
EndProject
Project("{2150E333-8FDC-42A3-9474-1A3956D46DE8}") = ".nuget", ".nuget", "{4107BE21-94DD-49B4-9C38-62509FE794F4}"
	ProjectSection(SolutionItems) = preProject
		.nuget\NuGet.Config = .nuget\NuGet.Config
		.nuget\NuGet.exe = .nuget\NuGet.exe
		.nuget\NuGet.targets = .nuget\NuGet.targets
	EndProjectSection
EndProject
Project("{FAE04EC0-301F-11D3-BF4B-00C04F79EFBC}") = "DasKlub.DBMigrator", "DasKlub.DBMigrator\DasKlub.DBMigrator.csproj", "{17A189C2-EF59-4DA1-A6A7-04FD1E8805D7}"
EndProject
Project("{FAE04EC0-301F-11D3-BF4B-00C04F79EFBC}") = "DasKlub.Models", "DasKlub.Models\DasKlub.Models.csproj", "{AE85A1D5-2E20-4A18-AC1B-C49E6ABFEC51}"
EndProject
Project("{FAE04EC0-301F-11D3-BF4B-00C04F79EFBC}") = "DasKlub.IntegrationTests", "DasKlub.IntegrationTests\DasKlub.IntegrationTests.csproj", "{E3E010A5-975D-41D6-8CD2-7E67239EF73E}"
EndProject
Project("{2150E333-8FDC-42A3-9474-1A3956D46DE8}") = "Tests", "Tests", "{7388FA3F-C1EA-4A5F-B70B-E240FF6187FA}"
EndProject
Project("{FAE04EC0-301F-11D3-BF4B-00C04F79EFBC}") = "DasKlub.EmailBlasterService", "DasKlub.EmailBlasterService\DasKlub.EmailBlasterService.csproj", "{CD086962-BD5A-4608-B427-260B53668DA4}"
EndProject
Global
	GlobalSection(SolutionConfigurationPlatforms) = preSolution
		Debug|Any CPU = Debug|Any CPU
		Production|Any CPU = Production|Any CPU
		release_test|Any CPU = release_test|Any CPU
		Release|Any CPU = Release|Any CPU
		Staging|Any CPU = Staging|Any CPU
	EndGlobalSection
	GlobalSection(ProjectConfigurationPlatforms) = postSolution
		{631998F6-74B9-45A5-B6CF-3BA02215201C}.Debug|Any CPU.ActiveCfg = Debug|Any CPU
		{631998F6-74B9-45A5-B6CF-3BA02215201C}.Debug|Any CPU.Build.0 = Debug|Any CPU
		{631998F6-74B9-45A5-B6CF-3BA02215201C}.Production|Any CPU.ActiveCfg = Production|Any CPU
		{631998F6-74B9-45A5-B6CF-3BA02215201C}.Production|Any CPU.Build.0 = Production|Any CPU
		{631998F6-74B9-45A5-B6CF-3BA02215201C}.release_test|Any CPU.ActiveCfg = release_test|Any CPU
		{631998F6-74B9-45A5-B6CF-3BA02215201C}.release_test|Any CPU.Build.0 = release_test|Any CPU
		{631998F6-74B9-45A5-B6CF-3BA02215201C}.Release|Any CPU.ActiveCfg = Release|Any CPU
		{631998F6-74B9-45A5-B6CF-3BA02215201C}.Release|Any CPU.Build.0 = Release|Any CPU
		{631998F6-74B9-45A5-B6CF-3BA02215201C}.Staging|Any CPU.ActiveCfg = Staging|Any CPU
		{631998F6-74B9-45A5-B6CF-3BA02215201C}.Staging|Any CPU.Build.0 = Staging|Any CPU
		{4A6CF1CC-4F7A-43D2-A9CD-07DB4D8C45CD}.Debug|Any CPU.ActiveCfg = Debug|Any CPU
		{4A6CF1CC-4F7A-43D2-A9CD-07DB4D8C45CD}.Debug|Any CPU.Build.0 = Debug|Any CPU
		{4A6CF1CC-4F7A-43D2-A9CD-07DB4D8C45CD}.Production|Any CPU.ActiveCfg = Production|Any CPU
		{4A6CF1CC-4F7A-43D2-A9CD-07DB4D8C45CD}.Production|Any CPU.Build.0 = Production|Any CPU
		{4A6CF1CC-4F7A-43D2-A9CD-07DB4D8C45CD}.release_test|Any CPU.ActiveCfg = release_test|Any CPU
		{4A6CF1CC-4F7A-43D2-A9CD-07DB4D8C45CD}.release_test|Any CPU.Build.0 = release_test|Any CPU
		{4A6CF1CC-4F7A-43D2-A9CD-07DB4D8C45CD}.Release|Any CPU.ActiveCfg = Release|Any CPU
		{4A6CF1CC-4F7A-43D2-A9CD-07DB4D8C45CD}.Release|Any CPU.Build.0 = Release|Any CPU
		{4A6CF1CC-4F7A-43D2-A9CD-07DB4D8C45CD}.Staging|Any CPU.ActiveCfg = Staging|Any CPU
		{4A6CF1CC-4F7A-43D2-A9CD-07DB4D8C45CD}.Staging|Any CPU.Build.0 = Staging|Any CPU
		{86387DE4-47CD-4C0B-A2EE-BF84DFAD618C}.Debug|Any CPU.ActiveCfg = Debug|Any CPU
		{86387DE4-47CD-4C0B-A2EE-BF84DFAD618C}.Debug|Any CPU.Build.0 = Debug|Any CPU
		{86387DE4-47CD-4C0B-A2EE-BF84DFAD618C}.Production|Any CPU.ActiveCfg = Production|Any CPU
		{86387DE4-47CD-4C0B-A2EE-BF84DFAD618C}.Production|Any CPU.Build.0 = Production|Any CPU
		{86387DE4-47CD-4C0B-A2EE-BF84DFAD618C}.release_test|Any CPU.ActiveCfg = release_test|Any CPU
		{86387DE4-47CD-4C0B-A2EE-BF84DFAD618C}.release_test|Any CPU.Build.0 = release_test|Any CPU
		{86387DE4-47CD-4C0B-A2EE-BF84DFAD618C}.Release|Any CPU.ActiveCfg = Release|Any CPU
		{86387DE4-47CD-4C0B-A2EE-BF84DFAD618C}.Release|Any CPU.Build.0 = Release|Any CPU
		{86387DE4-47CD-4C0B-A2EE-BF84DFAD618C}.Staging|Any CPU.ActiveCfg = Staging|Any CPU
		{86387DE4-47CD-4C0B-A2EE-BF84DFAD618C}.Staging|Any CPU.Build.0 = Staging|Any CPU
		{1B19D53D-9A58-4C2C-9B61-0F893FF037B2}.Debug|Any CPU.ActiveCfg = Debug|Any CPU
		{1B19D53D-9A58-4C2C-9B61-0F893FF037B2}.Debug|Any CPU.Build.0 = Debug|Any CPU
		{1B19D53D-9A58-4C2C-9B61-0F893FF037B2}.Production|Any CPU.ActiveCfg = Production|Any CPU
		{1B19D53D-9A58-4C2C-9B61-0F893FF037B2}.Production|Any CPU.Build.0 = Production|Any CPU
		{1B19D53D-9A58-4C2C-9B61-0F893FF037B2}.release_test|Any CPU.ActiveCfg = release_test|Any CPU
		{1B19D53D-9A58-4C2C-9B61-0F893FF037B2}.release_test|Any CPU.Build.0 = release_test|Any CPU
		{1B19D53D-9A58-4C2C-9B61-0F893FF037B2}.Release|Any CPU.ActiveCfg = Release|Any CPU
		{1B19D53D-9A58-4C2C-9B61-0F893FF037B2}.Release|Any CPU.Build.0 = Release|Any CPU
		{1B19D53D-9A58-4C2C-9B61-0F893FF037B2}.Staging|Any CPU.ActiveCfg = Staging|Any CPU
		{1B19D53D-9A58-4C2C-9B61-0F893FF037B2}.Staging|Any CPU.Build.0 = Staging|Any CPU
		{17A189C2-EF59-4DA1-A6A7-04FD1E8805D7}.Debug|Any CPU.ActiveCfg = Debug|Any CPU
		{17A189C2-EF59-4DA1-A6A7-04FD1E8805D7}.Debug|Any CPU.Build.0 = Debug|Any CPU
		{17A189C2-EF59-4DA1-A6A7-04FD1E8805D7}.Production|Any CPU.ActiveCfg = Production|Any CPU
		{17A189C2-EF59-4DA1-A6A7-04FD1E8805D7}.Production|Any CPU.Build.0 = Production|Any CPU
		{17A189C2-EF59-4DA1-A6A7-04FD1E8805D7}.release_test|Any CPU.ActiveCfg = release_test|Any CPU
		{17A189C2-EF59-4DA1-A6A7-04FD1E8805D7}.release_test|Any CPU.Build.0 = release_test|Any CPU
		{17A189C2-EF59-4DA1-A6A7-04FD1E8805D7}.Release|Any CPU.ActiveCfg = Release|Any CPU
		{17A189C2-EF59-4DA1-A6A7-04FD1E8805D7}.Release|Any CPU.Build.0 = Release|Any CPU
		{17A189C2-EF59-4DA1-A6A7-04FD1E8805D7}.Staging|Any CPU.ActiveCfg = Staging|Any CPU
		{17A189C2-EF59-4DA1-A6A7-04FD1E8805D7}.Staging|Any CPU.Build.0 = Staging|Any CPU
		{AE85A1D5-2E20-4A18-AC1B-C49E6ABFEC51}.Debug|Any CPU.ActiveCfg = Debug|Any CPU
		{AE85A1D5-2E20-4A18-AC1B-C49E6ABFEC51}.Debug|Any CPU.Build.0 = Debug|Any CPU
		{AE85A1D5-2E20-4A18-AC1B-C49E6ABFEC51}.Production|Any CPU.ActiveCfg = Production|Any CPU
		{AE85A1D5-2E20-4A18-AC1B-C49E6ABFEC51}.Production|Any CPU.Build.0 = Production|Any CPU
		{AE85A1D5-2E20-4A18-AC1B-C49E6ABFEC51}.release_test|Any CPU.ActiveCfg = release_test|Any CPU
		{AE85A1D5-2E20-4A18-AC1B-C49E6ABFEC51}.release_test|Any CPU.Build.0 = release_test|Any CPU
		{AE85A1D5-2E20-4A18-AC1B-C49E6ABFEC51}.Release|Any CPU.ActiveCfg = Release|Any CPU
		{AE85A1D5-2E20-4A18-AC1B-C49E6ABFEC51}.Release|Any CPU.Build.0 = Release|Any CPU
		{AE85A1D5-2E20-4A18-AC1B-C49E6ABFEC51}.Staging|Any CPU.ActiveCfg = Staging|Any CPU
		{AE85A1D5-2E20-4A18-AC1B-C49E6ABFEC51}.Staging|Any CPU.Build.0 = Staging|Any CPU
		{E3E010A5-975D-41D6-8CD2-7E67239EF73E}.Debug|Any CPU.ActiveCfg = Debug|Any CPU
		{E3E010A5-975D-41D6-8CD2-7E67239EF73E}.Debug|Any CPU.Build.0 = Debug|Any CPU
		{E3E010A5-975D-41D6-8CD2-7E67239EF73E}.Production|Any CPU.ActiveCfg = Production|Any CPU
		{E3E010A5-975D-41D6-8CD2-7E67239EF73E}.Production|Any CPU.Build.0 = Production|Any CPU
		{E3E010A5-975D-41D6-8CD2-7E67239EF73E}.release_test|Any CPU.ActiveCfg = release_test|Any CPU
		{E3E010A5-975D-41D6-8CD2-7E67239EF73E}.release_test|Any CPU.Build.0 = release_test|Any CPU
		{E3E010A5-975D-41D6-8CD2-7E67239EF73E}.Release|Any CPU.ActiveCfg = Release|Any CPU
		{E3E010A5-975D-41D6-8CD2-7E67239EF73E}.Release|Any CPU.Build.0 = Release|Any CPU
		{E3E010A5-975D-41D6-8CD2-7E67239EF73E}.Staging|Any CPU.ActiveCfg = Staging|Any CPU
		{E3E010A5-975D-41D6-8CD2-7E67239EF73E}.Staging|Any CPU.Build.0 = Staging|Any CPU
		{CD086962-BD5A-4608-B427-260B53668DA4}.Debug|Any CPU.ActiveCfg = Debug|Any CPU
		{CD086962-BD5A-4608-B427-260B53668DA4}.Debug|Any CPU.Build.0 = Debug|Any CPU
		{CD086962-BD5A-4608-B427-260B53668DA4}.Production|Any CPU.ActiveCfg = Release|Any CPU
		{CD086962-BD5A-4608-B427-260B53668DA4}.Production|Any CPU.Build.0 = Release|Any CPU
		{CD086962-BD5A-4608-B427-260B53668DA4}.release_test|Any CPU.ActiveCfg = Release|Any CPU
		{CD086962-BD5A-4608-B427-260B53668DA4}.release_test|Any CPU.Build.0 = Release|Any CPU
		{CD086962-BD5A-4608-B427-260B53668DA4}.Release|Any CPU.ActiveCfg = Release|Any CPU
		{CD086962-BD5A-4608-B427-260B53668DA4}.Release|Any CPU.Build.0 = Release|Any CPU
		{CD086962-BD5A-4608-B427-260B53668DA4}.Staging|Any CPU.ActiveCfg = Release|Any CPU
		{CD086962-BD5A-4608-B427-260B53668DA4}.Staging|Any CPU.Build.0 = Release|Any CPU
	EndGlobalSection
	GlobalSection(SolutionProperties) = preSolution
		HideSolutionNode = FALSE
	EndGlobalSection
	GlobalSection(NestedProjects) = preSolution
		{E3E010A5-975D-41D6-8CD2-7E67239EF73E} = {7388FA3F-C1EA-4A5F-B70B-E240FF6187FA}
		{1B19D53D-9A58-4C2C-9B61-0F893FF037B2} = {7388FA3F-C1EA-4A5F-B70B-E240FF6187FA}
	EndGlobalSection
	GlobalSection(ExtensibilityGlobals) = postSolution
		EnterpriseLibraryConfigurationToolBinariesPath = packages\Unity.2.1.505.2\lib\NET35
	EndGlobalSection
EndGlobal
